
Microsoft Visual Studio Solution File, Format Version 12.00
# Visual Studio Version 17
VisualStudioVersion = 17.9.34728.123
MinimumVisualStudioVersion = 10.0.40219.1
Project("{FAE04EC0-301F-11D3-BF4B-00C04F79EFBC}") = "Exam3", "Exam3\Exam3.csproj", "{97153FC2-DDD3-4AF5-88A8-01A46FB6BFDC}"
EndProject
Global
	GlobalSection(SolutionConfigurationPlatforms) = preSolution
		Debug|Any CPU = Debug|Any CPU
		Release|Any CPU = Release|Any CPU
	EndGlobalSection
	GlobalSection(ProjectConfigurationPlatforms) = postSolution
		{97153FC2-DDD3-4AF5-88A8-01A46FB6BFDC}.Debug|Any CPU.ActiveCfg = Debug|Any CPU
		{97153FC2-DDD3-4AF5-88A8-01A46FB6BFDC}.Debug|Any CPU.Build.0 = Debug|Any CPU
		{97153FC2-DDD3-4AF5-88A8-01A46FB6BFDC}.Release|Any CPU.ActiveCfg = Release|Any CPU
		{97153FC2-DDD3-4AF5-88A8-01A46FB6BFDC}.Release|Any CPU.Build.0 = Release|Any CPU
	EndGlobalSection
	GlobalSection(SolutionProperties) = preSolution
		HideSolutionNode = FALSE
	EndGlobalSection
	GlobalSection(ExtensibilityGlobals) = postSolution
		SolutionGuid = {B78E1860-6F3C-4423-A7FC-67F04E91001B}
	EndGlobalSection
EndGlobal
